{
  "name": "zlink-tutorial-stream-client",
  "version": "0.0.0",
  "lockfileVersion": 3,
  "requires": true,
  "packages": {
    "": {
      "name": "zlink-tutorial-stream-client",
      "version": "0.0.0",
      "dependencies": {
        "@zlink-systems/stream-connector": "0.25.0"
      },
      "devDependencies": {
        "@types/node": "22.15.30",
        "typescript": "5.8.3"
      }
    },
    "node_modules/@types/node": {
      "version": "22.15.30",
      "resolved": "https://registry.npmjs.org/@types/node/-/node-22.15.30.tgz",
      "integrity": "sha512-6Q7lr06bEHdlfplU6YRbgG1SFBdlsfNC4/lX+SkhiTs0cpJkOElmWls8PxDFv4yY/xKb8Y6SO0OmSX4wgqTZbA==",
      "dev": true,
      "license": "MIT",
      "dependencies": {
        "undici-types": "~6.21.0"
      }
    },
    "node_modules/@zlink-systems/stream-connector": {
      "version": "0.25.0",
      "resolved": "https://registry.npmjs.org/@zlink-systems/stream-connector/-/stream-connector-0.25.0.tgz",
      "integrity": "sha512-74zSOcoPSUwBumqGjcwLMbE5cV71XeaZirsJddtiXFiQzehZEB9pW6gP0hmMEXbXYKBTYdkoaf0vVy1S8XOzwA==",
      "license": "SEE LICENSE IN LICENSE",
      "dependencies": {
        "@zlink-systems/stream-wire": "0.25.0"
      }
    },
    "node_modules/@zlink-systems/stream-wire": {
      "version": "0.25.0",
      "resolved": "https://registry.npmjs.org/@zlink-systems/stream-wire/-/stream-wire-0.25.0.tgz",
      "integrity": "sha512-Y6PDn1NPlJzkyj8x/340YyZrQK9BQKIj0hjbevPMX8hVvzyRk9MO07J1Yygg1N/l2ziRsI4rLNLizJfIq2U/uw==",
      "license": "SEE LICENSE IN LICENSE"
    },
    "node_modules/typescript": {
      "version": "5.8.3",
      "resolved": "https://registry.npmjs.org/typescript/-/typescript-5.8.3.tgz",
      "integrity": "sha512-p1diW6TqL9L07nNxvRMM7hMMw4c5XOo/1ibL4aAIGmSAt9slTE1Xgw5KWuof2uTOvCg9BY7ZRi+GaF+7sfgPeQ==",
      "dev": true,
      "license": "Apache-2.0",
      "bin": {
        "tsc": "bin/tsc",
        "tsserver": "bin/tsserver"
      },
      "engines": {
        "node": ">=14.17"
      }
    },
    "node_modules/undici-types": {
      "version": "6.21.0",
      "resolved": "https://registry.npmjs.org/undici-types/-/undici-types-6.21.0.tgz",
      "integrity": "sha512-iwDZqg0QAGrg9Rav5H4n0M64c3mkR59cJ6wQp+7C4nI0gsmExaedaYLNO44eT4AtBBwjbTiGPMlt2Md0T9H9JQ==",
      "dev": true,
      "license": "MIT"
    }
  }
}
